
Microsoft Visual Studio Solution File, Format Version 12.00
# Visual Studio 15
VisualStudioVersion = 15.0.27703.2035
MinimumVisualStudioVersion = 10.0.40219.1
Project("{FAE04EC0-301F-11D3-BF4B-00C04F79EFBC}") = "RoboMap", "RoboMap.csproj", "{AD1E857B-931C-48EE-A7D8-2D4EC1C5F372}"
EndProject
Global
	GlobalSection(SolutionConfigurationPlatforms) = preSolution
		Debug|Any CPU = Debug|Any CPU
		Release|Any CPU = Release|Any CPU
	EndGlobalSection
	GlobalSection(ProjectConfigurationPlatforms) = postSolution
		{AD1E857B-931C-48EE-A7D8-2D4EC1C5F372}.Debug|Any CPU.ActiveCfg = Debug|Any CPU
		{AD1E857B-931C-48EE-A7D8-2D4EC1C5F372}.Debug|Any CPU.Build.0 = Debug|Any CPU
		{AD1E857B-931C-48EE-A7D8-2D4EC1C5F372}.Release|Any CPU.ActiveCfg = Release|Any CPU
		{AD1E857B-931C-48EE-A7D8-2D4EC1C5F372}.Release|Any CPU.Build.0 = Release|Any CPU
	EndGlobalSection
	GlobalSection(SolutionProperties) = preSolution
		HideSolutionNode = FALSE
	EndGlobalSection
	GlobalSection(ExtensibilityGlobals) = postSolution
		SolutionGuid = {35ABA6C9-C0B6-4C14-935C-35DD1D6A41B7}
	EndGlobalSection
EndGlobal
